
Microsoft Visual Studio Solution File, Format Version 12.00
# Visual Studio Version 17
VisualStudioVersion = 17.0.32126.317
MinimumVisualStudioVersion = 10.0.40219.1
Project("{FAE04EC0-301F-11D3-BF4B-00C04F79EFBC}") = "DBCommand", "D:\Study\ADONET\Exc3\DBCommand\DBCommand.csproj", "{CD9FCA66-2B1D-42E3-A31F-8F2BA4FC80AD}"
EndProject
Project("{FAE04EC0-301F-11D3-BF4B-00C04F79EFBC}") = "DatasetDesigner", "D:\Study\ADONET\Exc4\DatasetDesigner\DatasetDesigner.csproj", "{097A0161-1576-42FC-B370-AD10267F62A8}"
EndProject
Project("{FAE04EC0-301F-11D3-BF4B-00C04F79EFBC}") = "CreatingDataTable", "D:\Study\ADONET\Exc4\CreatingDataTable\CreatingDataTable.csproj", "{A0B8E3E0-4392-423F-8420-D04673A442A8}"
EndProject
Project("{FAE04EC0-301F-11D3-BF4B-00C04F79EFBC}") = "DataAdapterProgram", "D:\Study\ADONET\Exc4\DataAdapterProgram\DataAdapterProgram.csproj", "{3B0D2432-1B96-4842-BBB9-B18BA621D4DD}"
EndProject
Project("{FAE04EC0-301F-11D3-BF4B-00C04F79EFBC}") = "DataAdapterWizard", "D:\Study\ADONET\Exc4\DataAdapterWizard\DataAdapterWizard.csproj", "{596C8454-2A91-4F87-BC00-C82C7815FC27}"
EndProject
Project("{FAE04EC0-301F-11D3-BF4B-00C04F79EFBC}") = "WorkingDataTable", "D:\Study\ADONET\Exc4\WorkingDataTable\WorkingDataTable.csproj", "{2EA01FB7-A0A2-4506-A4A8-26CACED51536}"
EndProject
Project("{2150E333-8FDC-42A3-9474-1A3956D46DE8}") = "Exc4", "Exc4", "{2031FDC5-C3C1-494A-93E1-8894D7803CE1}"
EndProject
Project("{2150E333-8FDC-42A3-9474-1A3956D46DE8}") = "Exc3", "Exc3", "{D0347D2B-B60B-4783-9179-1657C3C2CE02}"
EndProject
Project("{FAE04EC0-301F-11D3-BF4B-00C04F79EFBC}") = "DBConnection", "DBConnection\DBConnection.csproj", "{C3998174-2E6A-42D0-97D8-A979C32B1749}"
EndProject
Project("{FAE04EC0-301F-11D3-BF4B-00C04F79EFBC}") = "DataViewExample", "Exc4\DataViewExample\DataViewExample.csproj", "{C4B5090C-2B73-4FEE-A92F-8F3B5E8205D7}"
EndProject
Project("{FAE04EC0-301F-11D3-BF4B-00C04F79EFBC}") = "Linq_Student1", "Exc7\Linq_Student1\Linq_Student1.csproj", "{79119B38-5FCE-4541-BAC1-68339747FD6B}"
EndProject
Project("{2150E333-8FDC-42A3-9474-1A3956D46DE8}") = "Exc7", "Exc7", "{10F189AB-3E8C-4A53-9226-86D389CECC3A}"
EndProject
Project("{2150E333-8FDC-42A3-9474-1A3956D46DE8}") = "Exc1-2", "Exc1-2", "{B0B357DF-6A63-40CD-B6EB-78B921285DCB}"
EndProject
Project("{FAE04EC0-301F-11D3-BF4B-00C04F79EFBC}") = "LINQsql_1", "Exc8\LINQsql_1\LINQsql_1.csproj", "{2CD6F7D2-D479-46CB-9822-D9ABB7CF9272}"
EndProject
Project("{FAE04EC0-301F-11D3-BF4B-00C04F79EFBC}") = "LINQsqlSproc", "Exc8\LINQsqlSproc\LINQsqlSproc.csproj", "{D1354A7A-2A3C-4D36-A1B2-03BB591E0FA8}"
EndProject
Project("{2150E333-8FDC-42A3-9474-1A3956D46DE8}") = "Exc8", "Exc8", "{54EF5511-5B22-4606-A725-781EAF708412}"
EndProject
Project("{FAE04EC0-301F-11D3-BF4B-00C04F79EFBC}") = "LINQsql_m", "Exc8\LINQsql_m\LINQsql_m.csproj", "{AD57F10D-FA80-47C8-86A7-F1E88765F2FF}"
EndProject
Project("{FAE04EC0-301F-11D3-BF4B-00C04F79EFBC}") = "DataSourcesWizard", "Exc5\DataSourcesWizard\DataSourcesWizard.csproj", "{A8B4A34E-FE7A-43F1-9FC2-D3BB919A9F77}"
EndProject
Project("{2150E333-8FDC-42A3-9474-1A3956D46DE8}") = "Exc5", "Exc5", "{3AF0FE7F-D21E-4364-B402-080144928355}"
EndProject
Project("{FAE04EC0-301F-11D3-BF4B-00C04F79EFBC}") = "DataBindingSimple", "Exc5\DataBindingSimple\DataBindingSimple.csproj", "{C42DB397-E3F5-4B3D-A491-103723FEC789}"
EndProject
Project("{FAE04EC0-301F-11D3-BF4B-00C04F79EFBC}") = "DataBindingComplex", "Exc5\DataBindingComplex\DataBindingComplex.csproj", "{E4C2483C-72BC-4953-ADFB-0490DC8E5D50}"
EndProject
Project("{FAE04EC0-301F-11D3-BF4B-00C04F79EFBC}") = "DataGridViewExample", "Exc5\DataGridViewExample\DataGridViewExample.csproj", "{00A5B4BB-879B-4336-A97E-D611E0C99D4C}"
EndProject
Project("{FAE04EC0-301F-11D3-BF4B-00C04F79EFBC}") = "SavingDataSetXml", "Exc6\SavingDataSetXml\SavingDataSetXml.csproj", "{6FE97A7B-A0B9-44EF-933D-8D1AF156189E}"
EndProject
Project("{2150E333-8FDC-42A3-9474-1A3956D46DE8}") = "Exc6", "Exc6", "{DF1FF761-66CB-4052-AFE1-514DFFA649E0}"
EndProject
Project("{FAE04EC0-301F-11D3-BF4B-00C04F79EFBC}") = "LoadDataSetXml", "Exc6\LoadDataSetXml\LoadDataSetXml.csproj", "{63DA96EE-F76F-47A1-9C25-9143351EB9D8}"
EndProject
Project("{FAE04EC0-301F-11D3-BF4B-00C04F79EFBC}") = "CourseManager", "Exc9\CourseManager\CourseManager.csproj", "{D6C55748-7252-43A5-90E7-36E699343179}"
EndProject
Project("{2150E333-8FDC-42A3-9474-1A3956D46DE8}") = "Exc9", "Exc9", "{2BFF66A6-12DB-4DD4-8AAA-B73518A19ADE}"
EndProject
Project("{FAE04EC0-301F-11D3-BF4B-00C04F79EFBC}") = "CustomManager", "Exc9\CustomManager\CustomManager.csproj", "{91FCC61D-8723-4349-B29E-74BD4B3BCCD2}"
EndProject
Project("{FAE04EC0-301F-11D3-BF4B-00C04F79EFBC}") = "CodeFirst", "Exc9\CodeFirst\CodeFirst.csproj", "{263F6DD6-F27B-41F7-B253-20DCB85AE938}"
EndProject
Global
	GlobalSection(SolutionConfigurationPlatforms) = preSolution
		Debug|Any CPU = Debug|Any CPU
		Release|Any CPU = Release|Any CPU
	EndGlobalSection
	GlobalSection(ProjectConfigurationPlatforms) = postSolution
		{CD9FCA66-2B1D-42E3-A31F-8F2BA4FC80AD}.Debug|Any CPU.ActiveCfg = Debug|Any CPU
		{CD9FCA66-2B1D-42E3-A31F-8F2BA4FC80AD}.Debug|Any CPU.Build.0 = Debug|Any CPU
		{CD9FCA66-2B1D-42E3-A31F-8F2BA4FC80AD}.Release|Any CPU.ActiveCfg = Release|Any CPU
		{CD9FCA66-2B1D-42E3-A31F-8F2BA4FC80AD}.Release|Any CPU.Build.0 = Release|Any CPU
		{097A0161-1576-42FC-B370-AD10267F62A8}.Debug|Any CPU.ActiveCfg = Debug|Any CPU
		{097A0161-1576-42FC-B370-AD10267F62A8}.Debug|Any CPU.Build.0 = Debug|Any CPU
		{097A0161-1576-42FC-B370-AD10267F62A8}.Release|Any CPU.ActiveCfg = Release|Any CPU
		{097A0161-1576-42FC-B370-AD10267F62A8}.Release|Any CPU.Build.0 = Release|Any CPU
		{A0B8E3E0-4392-423F-8420-D04673A442A8}.Debug|Any CPU.ActiveCfg = Debug|Any CPU
		{A0B8E3E0-4392-423F-8420-D04673A442A8}.Debug|Any CPU.Build.0 = Debug|Any CPU
		{A0B8E3E0-4392-423F-8420-D04673A442A8}.Release|Any CPU.ActiveCfg = Release|Any CPU
		{A0B8E3E0-4392-423F-8420-D04673A442A8}.Release|Any CPU.Build.0 = Release|Any CPU
		{3B0D2432-1B96-4842-BBB9-B18BA621D4DD}.Debug|Any CPU.ActiveCfg = Debug|Any CPU
		{3B0D2432-1B96-4842-BBB9-B18BA621D4DD}.Debug|Any CPU.Build.0 = Debug|Any CPU
		{3B0D2432-1B96-4842-BBB9-B18BA621D4DD}.Release|Any CPU.ActiveCfg = Release|Any CPU
		{3B0D2432-1B96-4842-BBB9-B18BA621D4DD}.Release|Any CPU.Build.0 = Release|Any CPU
		{596C8454-2A91-4F87-BC00-C82C7815FC27}.Debug|Any CPU.ActiveCfg = Debug|Any CPU
		{596C8454-2A91-4F87-BC00-C82C7815FC27}.Debug|Any CPU.Build.0 = Debug|Any CPU
		{596C8454-2A91-4F87-BC00-C82C7815FC27}.Release|Any CPU.ActiveCfg = Release|Any CPU
		{596C8454-2A91-4F87-BC00-C82C7815FC27}.Release|Any CPU.Build.0 = Release|Any CPU
		{2EA01FB7-A0A2-4506-A4A8-26CACED51536}.Debug|Any CPU.ActiveCfg = Debug|Any CPU
		{2EA01FB7-A0A2-4506-A4A8-26CACED51536}.Debug|Any CPU.Build.0 = Debug|Any CPU
		{2EA01FB7-A0A2-4506-A4A8-26CACED51536}.Release|Any CPU.ActiveCfg = Release|Any CPU
		{2EA01FB7-A0A2-4506-A4A8-26CACED51536}.Release|Any CPU.Build.0 = Release|Any CPU
		{C3998174-2E6A-42D0-97D8-A979C32B1749}.Debug|Any CPU.ActiveCfg = Debug|Any CPU
		{C3998174-2E6A-42D0-97D8-A979C32B1749}.Debug|Any CPU.Build.0 = Debug|Any CPU
		{C3998174-2E6A-42D0-97D8-A979C32B1749}.Release|Any CPU.ActiveCfg = Release|Any CPU
		{C3998174-2E6A-42D0-97D8-A979C32B1749}.Release|Any CPU.Build.0 = Release|Any CPU
		{C4B5090C-2B73-4FEE-A92F-8F3B5E8205D7}.Debug|Any CPU.ActiveCfg = Debug|Any CPU
		{C4B5090C-2B73-4FEE-A92F-8F3B5E8205D7}.Debug|Any CPU.Build.0 = Debug|Any CPU
		{C4B5090C-2B73-4FEE-A92F-8F3B5E8205D7}.Release|Any CPU.ActiveCfg = Release|Any CPU
		{C4B5090C-2B73-4FEE-A92F-8F3B5E8205D7}.Release|Any CPU.Build.0 = Release|Any CPU
		{79119B38-5FCE-4541-BAC1-68339747FD6B}.Debug|Any CPU.ActiveCfg = Debug|Any CPU
		{79119B38-5FCE-4541-BAC1-68339747FD6B}.Debug|Any CPU.Build.0 = Debug|Any CPU
		{79119B38-5FCE-4541-BAC1-68339747FD6B}.Release|Any CPU.ActiveCfg = Release|Any CPU
		{79119B38-5FCE-4541-BAC1-68339747FD6B}.Release|Any CPU.Build.0 = Release|Any CPU
		{2CD6F7D2-D479-46CB-9822-D9ABB7CF9272}.Debug|Any CPU.ActiveCfg = Debug|Any CPU
		{2CD6F7D2-D479-46CB-9822-D9ABB7CF9272}.Debug|Any CPU.Build.0 = Debug|Any CPU
		{2CD6F7D2-D479-46CB-9822-D9ABB7CF9272}.Release|Any CPU.ActiveCfg = Release|Any CPU
		{2CD6F7D2-D479-46CB-9822-D9ABB7CF9272}.Release|Any CPU.Build.0 = Release|Any CPU
		{D1354A7A-2A3C-4D36-A1B2-03BB591E0FA8}.Debug|Any CPU.ActiveCfg = Debug|Any CPU
		{D1354A7A-2A3C-4D36-A1B2-03BB591E0FA8}.Debug|Any CPU.Build.0 = Debug|Any CPU
		{D1354A7A-2A3C-4D36-A1B2-03BB591E0FA8}.Release|Any CPU.ActiveCfg = Release|Any CPU
		{D1354A7A-2A3C-4D36-A1B2-03BB591E0FA8}.Release|Any CPU.Build.0 = Release|Any CPU
		{AD57F10D-FA80-47C8-86A7-F1E88765F2FF}.Debug|Any CPU.ActiveCfg = Debug|Any CPU
		{AD57F10D-FA80-47C8-86A7-F1E88765F2FF}.Debug|Any CPU.Build.0 = Debug|Any CPU
		{AD57F10D-FA80-47C8-86A7-F1E88765F2FF}.Release|Any CPU.ActiveCfg = Release|Any CPU
		{AD57F10D-FA80-47C8-86A7-F1E88765F2FF}.Release|Any CPU.Build.0 = Release|Any CPU
		{A8B4A34E-FE7A-43F1-9FC2-D3BB919A9F77}.Debug|Any CPU.ActiveCfg = Debug|Any CPU
		{A8B4A34E-FE7A-43F1-9FC2-D3BB919A9F77}.Debug|Any CPU.Build.0 = Debug|Any CPU
		{A8B4A34E-FE7A-43F1-9FC2-D3BB919A9F77}.Release|Any CPU.ActiveCfg = Release|Any CPU
		{A8B4A34E-FE7A-43F1-9FC2-D3BB919A9F77}.Release|Any CPU.Build.0 = Release|Any CPU
		{C42DB397-E3F5-4B3D-A491-103723FEC789}.Debug|Any CPU.ActiveCfg = Debug|Any CPU
		{C42DB397-E3F5-4B3D-A491-103723FEC789}.Debug|Any CPU.Build.0 = Debug|Any CPU
		{C42DB397-E3F5-4B3D-A491-103723FEC789}.Release|Any CPU.ActiveCfg = Release|Any CPU
		{C42DB397-E3F5-4B3D-A491-103723FEC789}.Release|Any CPU.Build.0 = Release|Any CPU
		{E4C2483C-72BC-4953-ADFB-0490DC8E5D50}.Debug|Any CPU.ActiveCfg = Debug|Any CPU
		{E4C2483C-72BC-4953-ADFB-0490DC8E5D50}.Debug|Any CPU.Build.0 = Debug|Any CPU
		{E4C2483C-72BC-4953-ADFB-0490DC8E5D50}.Release|Any CPU.ActiveCfg = Release|Any CPU
		{E4C2483C-72BC-4953-ADFB-0490DC8E5D50}.Release|Any CPU.Build.0 = Release|Any CPU
		{00A5B4BB-879B-4336-A97E-D611E0C99D4C}.Debug|Any CPU.ActiveCfg = Debug|Any CPU
		{00A5B4BB-879B-4336-A97E-D611E0C99D4C}.Debug|Any CPU.Build.0 = Debug|Any CPU
		{00A5B4BB-879B-4336-A97E-D611E0C99D4C}.Release|Any CPU.ActiveCfg = Release|Any CPU
		{00A5B4BB-879B-4336-A97E-D611E0C99D4C}.Release|Any CPU.Build.0 = Release|Any CPU
		{6FE97A7B-A0B9-44EF-933D-8D1AF156189E}.Debug|Any CPU.ActiveCfg = Debug|Any CPU
		{6FE97A7B-A0B9-44EF-933D-8D1AF156189E}.Debug|Any CPU.Build.0 = Debug|Any CPU
		{6FE97A7B-A0B9-44EF-933D-8D1AF156189E}.Release|Any CPU.ActiveCfg = Release|Any CPU
		{6FE97A7B-A0B9-44EF-933D-8D1AF156189E}.Release|Any CPU.Build.0 = Release|Any CPU
		{63DA96EE-F76F-47A1-9C25-9143351EB9D8}.Debug|Any CPU.ActiveCfg = Debug|Any CPU
		{63DA96EE-F76F-47A1-9C25-9143351EB9D8}.Debug|Any CPU.Build.0 = Debug|Any CPU
		{63DA96EE-F76F-47A1-9C25-9143351EB9D8}.Release|Any CPU.ActiveCfg = Release|Any CPU
		{63DA96EE-F76F-47A1-9C25-9143351EB9D8}.Release|Any CPU.Build.0 = Release|Any CPU
		{D6C55748-7252-43A5-90E7-36E699343179}.Debug|Any CPU.ActiveCfg = Debug|Any CPU
		{D6C55748-7252-43A5-90E7-36E699343179}.Debug|Any CPU.Build.0 = Debug|Any CPU
		{D6C55748-7252-43A5-90E7-36E699343179}.Release|Any CPU.ActiveCfg = Release|Any CPU
		{D6C55748-7252-43A5-90E7-36E699343179}.Release|Any CPU.Build.0 = Release|Any CPU
		{91FCC61D-8723-4349-B29E-74BD4B3BCCD2}.Debug|Any CPU.ActiveCfg = Debug|Any CPU
		{91FCC61D-8723-4349-B29E-74BD4B3BCCD2}.Debug|Any CPU.Build.0 = Debug|Any CPU
		{91FCC61D-8723-4349-B29E-74BD4B3BCCD2}.Release|Any CPU.ActiveCfg = Release|Any CPU
		{91FCC61D-8723-4349-B29E-74BD4B3BCCD2}.Release|Any CPU.Build.0 = Release|Any CPU
		{263F6DD6-F27B-41F7-B253-20DCB85AE938}.Debug|Any CPU.ActiveCfg = Debug|Any CPU
		{263F6DD6-F27B-41F7-B253-20DCB85AE938}.Debug|Any CPU.Build.0 = Debug|Any CPU
		{263F6DD6-F27B-41F7-B253-20DCB85AE938}.Release|Any CPU.ActiveCfg = Release|Any CPU
		{263F6DD6-F27B-41F7-B253-20DCB85AE938}.Release|Any CPU.Build.0 = Release|Any CPU
	EndGlobalSection
	GlobalSection(SolutionProperties) = preSolution
		HideSolutionNode = FALSE
	EndGlobalSection
	GlobalSection(NestedProjects) = preSolution
		{CD9FCA66-2B1D-42E3-A31F-8F2BA4FC80AD} = {D0347D2B-B60B-4783-9179-1657C3C2CE02}
		{097A0161-1576-42FC-B370-AD10267F62A8} = {2031FDC5-C3C1-494A-93E1-8894D7803CE1}
		{A0B8E3E0-4392-423F-8420-D04673A442A8} = {2031FDC5-C3C1-494A-93E1-8894D7803CE1}
		{3B0D2432-1B96-4842-BBB9-B18BA621D4DD} = {2031FDC5-C3C1-494A-93E1-8894D7803CE1}
		{596C8454-2A91-4F87-BC00-C82C7815FC27} = {2031FDC5-C3C1-494A-93E1-8894D7803CE1}
		{2EA01FB7-A0A2-4506-A4A8-26CACED51536} = {2031FDC5-C3C1-494A-93E1-8894D7803CE1}
		{C3998174-2E6A-42D0-97D8-A979C32B1749} = {B0B357DF-6A63-40CD-B6EB-78B921285DCB}
		{C4B5090C-2B73-4FEE-A92F-8F3B5E8205D7} = {2031FDC5-C3C1-494A-93E1-8894D7803CE1}
		{79119B38-5FCE-4541-BAC1-68339747FD6B} = {10F189AB-3E8C-4A53-9226-86D389CECC3A}
		{2CD6F7D2-D479-46CB-9822-D9ABB7CF9272} = {54EF5511-5B22-4606-A725-781EAF708412}
		{D1354A7A-2A3C-4D36-A1B2-03BB591E0FA8} = {54EF5511-5B22-4606-A725-781EAF708412}
		{AD57F10D-FA80-47C8-86A7-F1E88765F2FF} = {54EF5511-5B22-4606-A725-781EAF708412}
		{A8B4A34E-FE7A-43F1-9FC2-D3BB919A9F77} = {3AF0FE7F-D21E-4364-B402-080144928355}
		{C42DB397-E3F5-4B3D-A491-103723FEC789} = {3AF0FE7F-D21E-4364-B402-080144928355}
		{E4C2483C-72BC-4953-ADFB-0490DC8E5D50} = {3AF0FE7F-D21E-4364-B402-080144928355}
		{00A5B4BB-879B-4336-A97E-D611E0C99D4C} = {3AF0FE7F-D21E-4364-B402-080144928355}
		{6FE97A7B-A0B9-44EF-933D-8D1AF156189E} = {DF1FF761-66CB-4052-AFE1-514DFFA649E0}
		{63DA96EE-F76F-47A1-9C25-9143351EB9D8} = {DF1FF761-66CB-4052-AFE1-514DFFA649E0}
		{D6C55748-7252-43A5-90E7-36E699343179} = {2BFF66A6-12DB-4DD4-8AAA-B73518A19ADE}
		{91FCC61D-8723-4349-B29E-74BD4B3BCCD2} = {2BFF66A6-12DB-4DD4-8AAA-B73518A19ADE}
		{263F6DD6-F27B-41F7-B253-20DCB85AE938} = {2BFF66A6-12DB-4DD4-8AAA-B73518A19ADE}
	EndGlobalSection
	GlobalSection(ExtensibilityGlobals) = postSolution
		SolutionGuid = {AA4CFBE8-16ED-4A2E-A1ED-6D33A6F0EAD6}
	EndGlobalSection
EndGlobal
